{
  "name": "revistas-ebd",
  "lockfileVersion": 3,
  "requires": true,
  "packages": {
    "": {
      "dependencies": {
        "extenso": "^2.1.0"
      }
    },
    "node_modules/extenso": {
      "version": "2.1.0",
      "resolved": "https://registry.npmjs.org/extenso/-/extenso-2.1.0.tgz",
      "integrity": "sha512-BLzbsq7Uv0uL2JgtFoE1QNGWXSq3l1NIFKf7yorKVQNDD9q30wgkrwXoAXWSEZUQLLj+U/EfSUEb719WqFkwlQ==",
      "license": "MIT"
    }
  }
}
